
Microsoft Visual Studio Solution File, Format Version 12.00
# Visual Studio Version 17
VisualStudioVersion = 17.4.33205.214
MinimumVisualStudioVersion = 10.0.40219.1
Project("{FAE04EC0-301F-11D3-BF4B-00C04F79EFBC}") = "ModeloBase", "ModeloBase\ModeloBase.csproj", "{39665336-A00A-496A-988C-81A101A52D6E}"
EndProject
Project("{FAE04EC0-301F-11D3-BF4B-00C04F79EFBC}") = "AutoSchematic", "AutoSchematic\AutoSchematic.csproj", "{C4529F95-74A5-4685-B58F-9AB4A0386EB0}"
EndProject
Project("{FAE04EC0-301F-11D3-BF4B-00C04F79EFBC}") = "DllTeste", "DllTeste\DllTeste.csproj", "{EC1E2D3B-447E-4B7A-AF56-B2015FDD5ABD}"
EndProject
Global
	GlobalSection(SolutionConfigurationPlatforms) = preSolution
		Debug|Any CPU = Debug|Any CPU
		Release|Any CPU = Release|Any CPU
	EndGlobalSection
	GlobalSection(ProjectConfigurationPlatforms) = postSolution
		{39665336-A00A-496A-988C-81A101A52D6E}.Debug|Any CPU.ActiveCfg = Debug|Any CPU
		{39665336-A00A-496A-988C-81A101A52D6E}.Debug|Any CPU.Build.0 = Debug|Any CPU
		{39665336-A00A-496A-988C-81A101A52D6E}.Release|Any CPU.ActiveCfg = Release|Any CPU
		{39665336-A00A-496A-988C-81A101A52D6E}.Release|Any CPU.Build.0 = Release|Any CPU
		{C4529F95-74A5-4685-B58F-9AB4A0386EB0}.Debug|Any CPU.ActiveCfg = Debug|Any CPU
		{C4529F95-74A5-4685-B58F-9AB4A0386EB0}.Debug|Any CPU.Build.0 = Debug|Any CPU
		{C4529F95-74A5-4685-B58F-9AB4A0386EB0}.Release|Any CPU.ActiveCfg = Release|Any CPU
		{C4529F95-74A5-4685-B58F-9AB4A0386EB0}.Release|Any CPU.Build.0 = Release|Any CPU
		{EC1E2D3B-447E-4B7A-AF56-B2015FDD5ABD}.Debug|Any CPU.ActiveCfg = Debug|Any CPU
		{EC1E2D3B-447E-4B7A-AF56-B2015FDD5ABD}.Debug|Any CPU.Build.0 = Debug|Any CPU
		{EC1E2D3B-447E-4B7A-AF56-B2015FDD5ABD}.Release|Any CPU.ActiveCfg = Release|Any CPU
		{EC1E2D3B-447E-4B7A-AF56-B2015FDD5ABD}.Release|Any CPU.Build.0 = Release|Any CPU
	EndGlobalSection
	GlobalSection(SolutionProperties) = preSolution
		HideSolutionNode = FALSE
	EndGlobalSection
	GlobalSection(ExtensibilityGlobals) = postSolution
		SolutionGuid = {1BD13A57-A265-42F3-B758-616132F26544}
	EndGlobalSection
EndGlobal
